
Microsoft Visual Studio Solution File, Format Version 12.00
Project("{FAE04EC0-301F-11D3-BF4B-00C04F79EFBC}") = "DotNetCoreUtilities", "DotNetCoreUtilities\DotNetCoreUtilities.csproj", "{98DDBA01-A0B9-46F4-81BC-998EE36239A9}"
EndProject
Project("{FAE04EC0-301F-11D3-BF4B-00C04F79EFBC}") = "Test", "Test\Test.csproj", "{9178E607-F934-4331-8AAF-9CF3A421AD9B}"
EndProject
Global
	GlobalSection(SolutionConfigurationPlatforms) = preSolution
		Debug|Any CPU = Debug|Any CPU
		Release|Any CPU = Release|Any CPU
	EndGlobalSection
	GlobalSection(ProjectConfigurationPlatforms) = postSolution
		{98DDBA01-A0B9-46F4-81BC-998EE36239A9}.Debug|Any CPU.ActiveCfg = Debug|Any CPU
		{98DDBA01-A0B9-46F4-81BC-998EE36239A9}.Debug|Any CPU.Build.0 = Debug|Any CPU
		{98DDBA01-A0B9-46F4-81BC-998EE36239A9}.Release|Any CPU.ActiveCfg = Release|Any CPU
		{98DDBA01-A0B9-46F4-81BC-998EE36239A9}.Release|Any CPU.Build.0 = Release|Any CPU
		{9178E607-F934-4331-8AAF-9CF3A421AD9B}.Debug|Any CPU.ActiveCfg = Debug|Any CPU
		{9178E607-F934-4331-8AAF-9CF3A421AD9B}.Debug|Any CPU.Build.0 = Debug|Any CPU
		{9178E607-F934-4331-8AAF-9CF3A421AD9B}.Release|Any CPU.ActiveCfg = Release|Any CPU
		{9178E607-F934-4331-8AAF-9CF3A421AD9B}.Release|Any CPU.Build.0 = Release|Any CPU
	EndGlobalSection
EndGlobal
